// !$*UTF8*$!
{
	archiveVersion = 1;
	classes = {
	};
	objectVersion = 50;
	objects = {

/* Begin PBXBuildFile section */
		6296257F210E597400B87577 /* Utils.swift in Sources */ = {isa = PBXBuildFile; fileRef = 6296257E210E597400B87577 /* Utils.swift */; };
		62962581210E5B5600B87577 /* Product.swift in Sources */ = {isa = PBXBuildFile; fileRef = 62962580210E5B5600B87577 /* Product.swift */; };
		62962585210E745A00B87577 /* Logger.swift in Sources */ = {isa = PBXBuildFile; fileRef = 62962584210E745A00B87577 /* Logger.swift */; };
		62A7CDF1210D333F00678B8B /* AppDelegate.swift in Sources */ = {isa = PBXBuildFile; fileRef = 62A7CDF0210D333F00678B8B /* AppDelegate.swift */; };
		62A7CDF3210D333F00678B8B /* ViewController.swift in Sources */ = {isa = PBXBuildFile; fileRef = 62A7CDF2210D333F00678B8B /* ViewController.swift */; };
		62A7CDF6210D333F00678B8B /* Main.storyboard in Resources */ = {isa = PBXBuildFile; fileRef = 62A7CDF4210D333F00678B8B /* Main.storyboard */; };
		62A7CDF8210D334000678B8B /* Assets.xcassets in Resources */ = {isa = PBXBuildFile; fileRef = 62A7CDF7210D334000678B8B /* Assets.xcassets */; };
		62A7CDFB210D334000678B8B /* LaunchScreen.storyboard in Resources */ = {isa = PBXBuildFile; fileRef = 62A7CDF9210D334000678B8B /* LaunchScreen.storyboard */; };
		62A7CE03210D41BC00678B8B /* ProductTableCell.swift in Sources */ = {isa = PBXBuildFile; fileRef = 62A7CE02210D41BC00678B8B /* ProductTableCell.swift */; };
/* End PBXBuildFile section */

/* Begin PBXFileReference section */
		6296257E210E597400B87577 /* Utils.swift */ = {isa = PBXFileReference; lastKnownFileType = sourcecode.swift; path = Utils.swift; sourceTree = "<group>"; };
		62962580210E5B5600B87577 /* Product.swift */ = {isa = PBXFileReference; lastKnownFileType = sourcecode.swift; path = Product.swift; sourceTree = "<group>"; };
		62962584210E745A00B87577 /* Logger.swift */ = {isa = PBXFileReference; lastKnownFileType = sourcecode.swift; path = Logger.swift; sourceTree = "<group>"; };
		62A7CDED210D333F00678B8B /* SportsShop.app */ = {isa = PBXFileReference; explicitFileType = wrapper.application; includeInIndex = 0; path = SportsShop.app; sourceTree = BUILT_PRODUCTS_DIR; };
		62A7CDF0210D333F00678B8B /* AppDelegate.swift */ = {isa = PBXFileReference; lastKnownFileType = sourcecode.swift; path = AppDelegate.swift; sourceTree = "<group>"; };
		62A7CDF2210D333F00678B8B /* ViewController.swift */ = {isa = PBXFileReference; lastKnownFileType = sourcecode.swift; path = ViewController.swift; sourceTree = "<group>"; };
		62A7CDF5210D333F00678B8B /* Base */ = {isa = PBXFileReference; lastKnownFileType = file.storyboard; name = Base; path = Base.lproj/Main.storyboard; sourceTree = "<group>"; };
		62A7CDF7210D334000678B8B /* Assets.xcassets */ = {isa = PBXFileReference; lastKnownFileType = folder.assetcatalog; path = Assets.xcassets; sourceTree = "<group>"; };
		62A7CDFA210D334000678B8B /* Base */ = {isa = PBXFileReference; lastKnownFileType = file.storyboard; name = Base; path = Base.lproj/LaunchScreen.storyboard; sourceTree = "<group>"; };
		62A7CDFC210D334000678B8B /* Info.plist */ = {isa = PBXFileReference; lastKnownFileType = text.plist.xml; path = Info.plist; sourceTree = "<group>"; };
		62A7CE02210D41BC00678B8B /* ProductTableCell.swift */ = {isa = PBXFileReference; lastKnownFileType = sourcecode.swift; path = ProductTableCell.swift; sourceTree = "<group>"; };
/* End PBXFileReference section */

/* Begin PBXFrameworksBuildPhase section */
		62A7CDEA210D333F00678B8B /* Frameworks */ = {
			isa = PBXFrameworksBuildPhase;
			buildActionMask = 2147483647;
			files = (
			);
			runOnlyForDeploymentPostprocessing = 0;
		};
/* End PBXFrameworksBuildPhase section */

/* Begin PBXGroup section */
		62A7CDE4210D333F00678B8B = {
			isa = PBXGroup;
			children = (
				62A7CDEF210D333F00678B8B /* SportsShop */,
				62A7CDEE210D333F00678B8B /* Products */,
			);
			sourceTree = "<group>";
		};
		62A7CDEE210D333F00678B8B /* Products */ = {
			isa = PBXGroup;
			children = (
				62A7CDED210D333F00678B8B /* SportsShop.app */,
			);
			name = Products;
			sourceTree = "<group>";
		};
		62A7CDEF210D333F00678B8B /* SportsShop */ = {
			isa = PBXGroup;
			children = (
				62A7CDF0210D333F00678B8B /* AppDelegate.swift */,
				62A7CDF2210D333F00678B8B /* ViewController.swift */,
				62A7CE02210D41BC00678B8B /* ProductTableCell.swift */,
				62A7CDF4210D333F00678B8B /* Main.storyboard */,
				62A7CDF7210D334000678B8B /* Assets.xcassets */,
				62A7CDF9210D334000678B8B /* LaunchScreen.storyboard */,
				62A7CDFC210D334000678B8B /* Info.plist */,
				6296257E210E597400B87577 /* Utils.swift */,
				62962580210E5B5600B87577 /* Product.swift */,
				62962584210E745A00B87577 /* Logger.swift */,
			);
			path = SportsShop;
			sourceTree = "<group>";
		};
/* End PBXGroup section */

/* Begin PBXNativeTarget section */
		62A7CDEC210D333F00678B8B /* SportsShop */ = {
			isa = PBXNativeTarget;
			buildConfigurationList = 62A7CDFF210D334000678B8B /* Build configuration list for PBXNativeTarget "SportsShop" */;
			buildPhases = (
				62A7CDE9210D333F00678B8B /* Sources */,
				62A7CDEA210D333F00678B8B /* Frameworks */,
				62A7CDEB210D333F00678B8B /* Resources */,
			);
			buildRules = (
			);
			dependencies = (
			);
			name = SportsShop;
			productName = SportsShop;
			productReference = 62A7CDED210D333F00678B8B /* SportsShop.app */;
			productType = "com.apple.product-type.application";
		};
/* End PBXNativeTarget section */

/* Begin PBXProject section */
		62A7CDE5210D333F00678B8B /* Project object */ = {
			isa = PBXProject;
			attributes = {
				LastSwiftUpdateCheck = 0940;
				LastUpgradeCheck = 0940;
				ORGANIZATIONNAME = "Eldar Adelshin";
				TargetAttributes = {
					62A7CDEC210D333F00678B8B = {
						CreatedOnToolsVersion = 9.4.1;
					};
				};
			};
			buildConfigurationList = 62A7CDE8210D333F00678B8B /* Build configuration list for PBXProject "SportsShop" */;
			compatibilityVersion = "Xcode 9.3";
			developmentRegion = en;
			hasScannedForEncodings = 0;
			knownRegions = (
				en,
				Base,
			);
			mainGroup = 62A7CDE4210D333F00678B8B;
			productRefGroup = 62A7CDEE210D333F00678B8B /* Products */;
			projectDirPath = "";
			projectRoot = "";
			targets = (
				62A7CDEC210D333F00678B8B /* SportsShop */,
			);
		};
/* End PBXProject section */

/* Begin PBXResourcesBuildPhase section */
		62A7CDEB210D333F00678B8B /* Resources */ = {
			isa = PBXResourcesBuildPhase;
			buildActionMask = 2147483647;
			files = (
				62A7CDFB210D334000678B8B /* LaunchScreen.storyboard in Resources */,
				62A7CDF8210D334000678B8B /* Assets.xcassets in Resources */,
				62A7CDF6210D333F00678B8B /* Main.storyboard in Resources */,
			);
			runOnlyForDeploymentPostprocessing = 0;
		};
/* End PBXResourcesBuildPhase section */

/* Begin PBXSourcesBuildPhase section */
		62A7CDE9210D333F00678B8B /* Sources */ = {
			isa = PBXSourcesBuildPhase;
			buildActionMask = 2147483647;
			files = (
				62A7CE03210D41BC00678B8B /* ProductTableCell.swift in Sources */,
				62962585210E745A00B87577 /* Logger.swift in Sources */,
				62A7CDF3210D333F00678B8B /* ViewController.swift in Sources */,
				62962581210E5B5600B87577 /* Product.swift in Sources */,
				62A7CDF1210D333F00678B8B /* AppDelegate.swift in Sources */,
				6296257F210E597400B87577 /* Utils.swift in Sources */,
			);
			runOnlyForDeploymentPostprocessing = 0;
		};
/* End PBXSourcesBuildPhase section */

/* Begin PBXVariantGroup section */
		62A7CDF4210D333F00678B8B /* Main.storyboard */ = {
			isa = PBXVariantGroup;
			children = (
				62A7CDF5210D333F00678B8B /* Base */,
			);
			name = Main.storyboard;
			sourceTree = "<group>";
		};
		62A7CDF9210D334000678B8B /* LaunchScreen.storyboard */ = {
			isa = PBXVariantGroup;
			children = (
				62A7CDFA210D334000678B8B /* Base */,
			);
			name = LaunchScreen.storyboard;
			sourceTree = "<group>";
		};
/* End PBXVariantGroup section */

/* Begin XCBuildConfiguration section */
		62A7CDFD210D334000678B8B /* Debug */ = {
			isa = XCBuildConfiguration;
			buildSettings = {
				ALWAYS_SEARCH_USER_PATHS = NO;
				CLANG_ANALYZER_NONNULL = YES;
				CLANG_ANALYZER_NUMBER_OBJECT_CONVERSION = YES_AGGRESSIVE;
				CLANG_CXX_LANGUAGE_STANDARD = "gnu++14";
				CLANG_CXX_LIBRARY = "libc++";
				CLANG_ENABLE_MODULES = YES;
				CLANG_ENABLE_OBJC_ARC = YES;
				CLANG_ENABLE_OBJC_WEAK = YES;
				CLANG_WARN_BLOCK_CAPTURE_AUTORELEASING = YES;
				CLANG_WARN_BOOL_CONVERSION = YES;
				CLANG_WARN_COMMA = YES;
				CLANG_WARN_CONSTANT_CONVERSION = YES;
				CLANG_WARN_DEPRECATED_OBJC_IMPLEMENTATIONS = YES;
				CLANG_WARN_DIRECT_OBJC_ISA_USAGE = YES_ERROR;
				CLANG_WARN_DOCUMENTATION_COMMENTS = YES;
				CLANG_WARN_EMPTY_BODY = YES;
				CLANG_WARN_ENUM_CONVERSION = YES;
				CLANG_WARN_INFINITE_RECURSION = YES;
				CLANG_WARN_INT_CONVERSION = YES;
				CLANG_WARN_NON_LITERAL_NULL_CONVERSION = YES;
				CLANG_WARN_OBJC_IMPLICIT_RETAIN_SELF = YES;
				CLANG_WARN_OBJC_LITERAL_CONVERSION = YES;
				CLANG_WARN_OBJC_ROOT_CLASS = YES_ERROR;
				CLANG_WARN_RANGE_LOOP_ANALYSIS = YES;
				CLANG_WARN_STRICT_PROTOTYPES = YES;
				CLANG_WARN_SUSPICIOUS_MOVE = YES;
				CLANG_WARN_UNGUARDED_AVAILABILITY = YES_AGGRESSIVE;
				CLANG_WARN_UNREACHABLE_CODE = YES;
				CLANG_WARN__DUPLICATE_METHOD_MATCH = YES;
				CODE_SIGN_IDENTITY = "iPhone Developer";
				COPY_PHASE_STRIP = NO;
				DEBUG_INFORMATION_FORMAT = dwarf;
				ENABLE_STRICT_OBJC_MSGSEND = YES;
				ENABLE_TESTABILITY = YES;
				GCC_C_LANGUAGE_STANDARD = gnu11;
				GCC_DYNAMIC_NO_PIC = NO;
				GCC_NO_COMMON_BLOCKS = YES;
				GCC_OPTIMIZATION_LEVEL = 0;
				GCC_PREPROCESSOR_DEFINITIONS = (
					"DEBUG=1",
					"$(inherited)",
				);
				GCC_WARN_64_TO_32_BIT_CONVERSION = YES;
				GCC_WARN_ABOUT_RETURN_TYPE = YES_ERROR;
				GCC_WARN_UNDECLARED_SELECTOR = YES;
				GCC_WARN_UNINITIALIZED_AUTOS = YES_AGGRESSIVE;
				GCC_WARN_UNUSED_FUNCTION = YES;
				GCC_WARN_UNUSED_VARIABLE = YES;
				IPHONEOS_DEPLOYMENT_TARGET = 11.4;
				MTL_ENABLE_DEBUG_INFO = YES;
				ONLY_ACTIVE_ARCH = YES;
				SDKROOT = iphoneos;
				SWIFT_ACTIVE_COMPILATION_CONDITIONS = DEBUG;
				SWIFT_OPTIMIZATION_LEVEL = "-Onone";
			};
			name = Debug;
		};
		62A7CDFE210D334000678B8B /* Release */ = {
			isa = XCBuildConfiguration;
			buildSettings = {
				ALWAYS_SEARCH_USER_PATHS = NO;
				CLANG_ANALYZER_NONNULL = YES;
				CLANG_ANALYZER_NUMBER_OBJECT_CONVERSION = YES_AGGRESSIVE;
				CLANG_CXX_LANGUAGE_STANDARD = "gnu++14";
				CLANG_CXX_LIBRARY = "libc++";
				CLANG_ENABLE_MODULES = YES;
				CLANG_ENABLE_OBJC_ARC = YES;
				CLANG_ENABLE_OBJC_WEAK = YES;
				CLANG_WARN_BLOCK_CAPTURE_AUTORELEASING = YES;
				CLANG_WARN_BOOL_CONVERSION = YES;
				CLANG_WARN_COMMA = YES;
				CLANG_WARN_CONSTANT_CONVERSION = YES;
				CLANG_WARN_DEPRECATED_OBJC_IMPLEMENTATIONS = YES;
				CLANG_WARN_DIRECT_OBJC_ISA_USAGE = YES_ERROR;
				CLANG_WARN_DOCUMENTATION_COMMENTS = YES;
				CLANG_WARN_EMPTY_BODY = YES;
				CLANG_WARN_ENUM_CONVERSION = YES;
				CLANG_WARN_INFINITE_RECURSION = YES;
				CLANG_WARN_INT_CONVERSION = YES;
				CLANG_WARN_NON_LITERAL_NULL_CONVERSION = YES;
				CLANG_WARN_OBJC_IMPLICIT_RETAIN_SELF = YES;
				CLANG_WARN_OBJC_LITERAL_CONVERSION = YES;
				CLANG_WARN_OBJC_ROOT_CLASS = YES_ERROR;
				CLANG_WARN_RANGE_LOOP_ANALYSIS = YES;
				CLANG_WARN_STRICT_PROTOTYPES = YES;
				CLANG_WARN_SUSPICIOUS_MOVE = YES;
				CLANG_WARN_UNGUARDED_AVAILABILITY = YES_AGGRESSIVE;
				CLANG_WARN_UNREACHABLE_CODE = YES;
				CLANG_WARN__DUPLICATE_METHOD_MATCH = YES;
				CODE_SIGN_IDENTITY = "iPhone Developer";
				COPY_PHASE_STRIP = NO;
				DEBUG_INFORMATION_FORMAT = "dwarf-with-dsym";
				ENABLE_NS_ASSERTIONS = NO;
				ENABLE_STRICT_OBJC_MSGSEND = YES;
				GCC_C_LANGUAGE_STANDARD = gnu11;
				GCC_NO_COMMON_BLOCKS = YES;
				GCC_WARN_64_TO_32_BIT_CONVERSION = YES;
				GCC_WARN_ABOUT_RETURN_TYPE = YES_ERROR;
				GCC_WARN_UNDECLARED_SELECTOR = YES;
				GCC_WARN_UNINITIALIZED_AUTOS = YES_AGGRESSIVE;
				GCC_WARN_UNUSED_FUNCTION = YES;
				GCC_WARN_UNUSED_VARIABLE = YES;
				IPHONEOS_DEPLOYMENT_TARGET = 11.4;
				MTL_ENABLE_DEBUG_INFO = NO;
				SDKROOT = iphoneos;
				SWIFT_COMPILATION_MODE = wholemodule;
				SWIFT_OPTIMIZATION_LEVEL = "-O";
				VALIDATE_PRODUCT = YES;
			};
			name = Release;
		};
		62A7CE00210D334000678B8B /* Debug */ = {
			isa = XCBuildConfiguration;
			buildSettings = {
				ASSETCATALOG_COMPILER_APPICON_NAME = AppIcon;
				CODE_SIGN_STYLE = Automatic;
				INFOPLIST_FILE = SportsShop/Info.plist;
				LD_RUNPATH_SEARCH_PATHS = (
					"$(inherited)",
					"@executable_path/Frameworks",
				);
				PRODUCT_BUNDLE_IDENTIFIER = ru.adelshin.ios.SportsShop;
				PRODUCT_NAME = "$(TARGET_NAME)";
				SWIFT_VERSION = 4.0;
				TARGETED_DEVICE_FAMILY = "1,2";
			};
			name = Debug;
		};
		62A7CE01210D334000678B8B /* Release */ = {
			isa = XCBuildConfiguration;
			buildSettings = {
				ASSETCATALOG_COMPILER_APPICON_NAME = AppIcon;
				CODE_SIGN_STYLE = Automatic;
				INFOPLIST_FILE = SportsShop/Info.plist;
				LD_RUNPATH_SEARCH_PATHS = (
					"$(inherited)",
					"@executable_path/Frameworks",
				);
				PRODUCT_BUNDLE_IDENTIFIER = ru.adelshin.ios.SportsShop;
				PRODUCT_NAME = "$(TARGET_NAME)";
				SWIFT_VERSION = 4.0;
				TARGETED_DEVICE_FAMILY = "1,2";
			};
			name = Release;
		};
/* End XCBuildConfiguration section */

/* Begin XCConfigurationList section */
		62A7CDE8210D333F00678B8B /* Build configuration list for PBXProject "SportsShop" */ = {
			isa = XCConfigurationList;
			buildConfigurations = (
				62A7CDFD210D334000678B8B /* Debug */,
				62A7CDFE210D334000678B8B /* Release */,
			);
			defaultConfigurationIsVisible = 0;
			defaultConfigurationName = Release;
		};
		62A7CDFF210D334000678B8B /* Build configuration list for PBXNativeTarget "SportsShop" */ = {
			isa = XCConfigurationList;
			buildConfigurations = (
				62A7CE00210D334000678B8B /* Debug */,
				62A7CE01210D334000678B8B /* Release */,
			);
			defaultConfigurationIsVisible = 0;
			defaultConfigurationName = Release;
		};
/* End XCConfigurationList section */
	};
	rootObject = 62A7CDE5210D333F00678B8B /* Project object */;
}
